
Microsoft Visual Studio Solution File, Format Version 12.00
# Visual Studio Version 17
VisualStudioVersion = 17.13.35931.197
MinimumVisualStudioVersion = 10.0.40219.1
Project("{FAE04EC0-301F-11D3-BF4B-00C04F79EFBC}") = "ConsoleApp1", "ConsoleApp1\ConsoleApp1.csproj", "{0A1E855E-DD35-429E-BF0A-AB2D0FE48C6B}"
EndProject
Project("{FAE04EC0-301F-11D3-BF4B-00C04F79EFBC}") = "ConsoleApp2", "ConsoleApp2\ConsoleApp2.csproj", "{60F755C6-1ED4-4C7E-B542-A3B4E315D491}"
EndProject
Project("{FAE04EC0-301F-11D3-BF4B-00C04F79EFBC}") = "CourseManager", "CourseManager\CourseManager.csproj", "{DBFB89F0-1FF7-4DA8-A428-1D1780CAD3EF}"
EndProject
Project("{FAE04EC0-301F-11D3-BF4B-00C04F79EFBC}") = "DirectoryTest", "DirectoryTest\DirectoryTest.csproj", "{B100814B-76FC-469C-842C-3FDEFC4E7F73}"
EndProject
Project("{FAE04EC0-301F-11D3-BF4B-00C04F79EFBC}") = "DelegateTest", "DelegateTest\DelegateTest.csproj", "{49E36112-CD65-4995-9AF6-0FE3EF1FD3AB}"
EndProject
Project("{FAE04EC0-301F-11D3-BF4B-00C04F79EFBC}") = "EmployeeSalaryApp", "EmployeeSalaryApp\EmployeeSalaryApp.csproj", "{A082CC9F-A50B-4C53-8134-9099BD3EF095}"
EndProject
Project("{FAE04EC0-301F-11D3-BF4B-00C04F79EFBC}") = "DemoExtension_LinQ", "DemoExtension_LinQ\DemoExtension_LinQ.csproj", "{2017E22A-D698-4791-9652-9C00FB0202BE}"
EndProject
Project("{FAE04EC0-301F-11D3-BF4B-00C04F79EFBC}") = "DemoPrototype", "DemoPrototype\DemoPrototype.csproj", "{D9F9820C-AA78-4512-AE9C-D09009245C0A}"
EndProject
Project("{FAE04EC0-301F-11D3-BF4B-00C04F79EFBC}") = "ExamplePrototype", "ExamplePrototype\ExamplePrototype.csproj", "{44807FB4-2783-405C-8EF7-CB7DAB2032E9}"
EndProject
Project("{FAE04EC0-301F-11D3-BF4B-00C04F79EFBC}") = "FirstWPF", "FirstWPF\FirstWPF.csproj", "{E54EF0F5-3238-4ABC-97E7-706AF3D57974}"
EndProject
Project("{FAE04EC0-301F-11D3-BF4B-00C04F79EFBC}") = "CourseManagement", "CourseManagement\CourseManagement.csproj", "{1F1DA379-B467-428E-A779-F1874B32ADCA}"
EndProject
Project("{FAE04EC0-301F-11D3-BF4B-00C04F79EFBC}") = "FigureManagementSystem", "FigureManagementSystem\FigureManagementSystem.csproj", "{92D6C96A-6709-4587-B051-8ED67D066161}"
EndProject
Global
	GlobalSection(SolutionConfigurationPlatforms) = preSolution
		Debug|Any CPU = Debug|Any CPU
		Debug|x64 = Debug|x64
		Debug|x86 = Debug|x86
		Release|Any CPU = Release|Any CPU
		Release|x64 = Release|x64
		Release|x86 = Release|x86
	EndGlobalSection
	GlobalSection(ProjectConfigurationPlatforms) = postSolution
		{0A1E855E-DD35-429E-BF0A-AB2D0FE48C6B}.Debug|Any CPU.ActiveCfg = Debug|Any CPU
		{0A1E855E-DD35-429E-BF0A-AB2D0FE48C6B}.Debug|Any CPU.Build.0 = Debug|Any CPU
		{0A1E855E-DD35-429E-BF0A-AB2D0FE48C6B}.Debug|x64.ActiveCfg = Debug|x64
		{0A1E855E-DD35-429E-BF0A-AB2D0FE48C6B}.Debug|x64.Build.0 = Debug|x64
		{0A1E855E-DD35-429E-BF0A-AB2D0FE48C6B}.Debug|x86.ActiveCfg = Debug|x86
		{0A1E855E-DD35-429E-BF0A-AB2D0FE48C6B}.Debug|x86.Build.0 = Debug|x86
		{0A1E855E-DD35-429E-BF0A-AB2D0FE48C6B}.Release|Any CPU.ActiveCfg = Release|Any CPU
		{0A1E855E-DD35-429E-BF0A-AB2D0FE48C6B}.Release|Any CPU.Build.0 = Release|Any CPU
		{0A1E855E-DD35-429E-BF0A-AB2D0FE48C6B}.Release|x64.ActiveCfg = Release|x64
		{0A1E855E-DD35-429E-BF0A-AB2D0FE48C6B}.Release|x64.Build.0 = Release|x64
		{0A1E855E-DD35-429E-BF0A-AB2D0FE48C6B}.Release|x86.ActiveCfg = Release|x86
		{0A1E855E-DD35-429E-BF0A-AB2D0FE48C6B}.Release|x86.Build.0 = Release|x86
		{60F755C6-1ED4-4C7E-B542-A3B4E315D491}.Debug|Any CPU.ActiveCfg = Debug|Any CPU
		{60F755C6-1ED4-4C7E-B542-A3B4E315D491}.Debug|Any CPU.Build.0 = Debug|Any CPU
		{60F755C6-1ED4-4C7E-B542-A3B4E315D491}.Debug|x64.ActiveCfg = Debug|x64
		{60F755C6-1ED4-4C7E-B542-A3B4E315D491}.Debug|x64.Build.0 = Debug|x64
		{60F755C6-1ED4-4C7E-B542-A3B4E315D491}.Debug|x86.ActiveCfg = Debug|x86
		{60F755C6-1ED4-4C7E-B542-A3B4E315D491}.Debug|x86.Build.0 = Debug|x86
		{60F755C6-1ED4-4C7E-B542-A3B4E315D491}.Release|Any CPU.ActiveCfg = Release|Any CPU
		{60F755C6-1ED4-4C7E-B542-A3B4E315D491}.Release|Any CPU.Build.0 = Release|Any CPU
		{60F755C6-1ED4-4C7E-B542-A3B4E315D491}.Release|x64.ActiveCfg = Release|x64
		{60F755C6-1ED4-4C7E-B542-A3B4E315D491}.Release|x64.Build.0 = Release|x64
		{60F755C6-1ED4-4C7E-B542-A3B4E315D491}.Release|x86.ActiveCfg = Release|x86
		{60F755C6-1ED4-4C7E-B542-A3B4E315D491}.Release|x86.Build.0 = Release|x86
		{DBFB89F0-1FF7-4DA8-A428-1D1780CAD3EF}.Debug|Any CPU.ActiveCfg = Debug|Any CPU
		{DBFB89F0-1FF7-4DA8-A428-1D1780CAD3EF}.Debug|Any CPU.Build.0 = Debug|Any CPU
		{DBFB89F0-1FF7-4DA8-A428-1D1780CAD3EF}.Debug|x64.ActiveCfg = Debug|x64
		{DBFB89F0-1FF7-4DA8-A428-1D1780CAD3EF}.Debug|x64.Build.0 = Debug|x64
		{DBFB89F0-1FF7-4DA8-A428-1D1780CAD3EF}.Debug|x86.ActiveCfg = Debug|x86
		{DBFB89F0-1FF7-4DA8-A428-1D1780CAD3EF}.Debug|x86.Build.0 = Debug|x86
		{DBFB89F0-1FF7-4DA8-A428-1D1780CAD3EF}.Release|Any CPU.ActiveCfg = Release|Any CPU
		{DBFB89F0-1FF7-4DA8-A428-1D1780CAD3EF}.Release|Any CPU.Build.0 = Release|Any CPU
		{DBFB89F0-1FF7-4DA8-A428-1D1780CAD3EF}.Release|x64.ActiveCfg = Release|x64
		{DBFB89F0-1FF7-4DA8-A428-1D1780CAD3EF}.Release|x64.Build.0 = Release|x64
		{DBFB89F0-1FF7-4DA8-A428-1D1780CAD3EF}.Release|x86.ActiveCfg = Release|x86
		{DBFB89F0-1FF7-4DA8-A428-1D1780CAD3EF}.Release|x86.Build.0 = Release|x86
		{B100814B-76FC-469C-842C-3FDEFC4E7F73}.Debug|Any CPU.ActiveCfg = Debug|Any CPU
		{B100814B-76FC-469C-842C-3FDEFC4E7F73}.Debug|Any CPU.Build.0 = Debug|Any CPU
		{B100814B-76FC-469C-842C-3FDEFC4E7F73}.Debug|x64.ActiveCfg = Debug|x64
		{B100814B-76FC-469C-842C-3FDEFC4E7F73}.Debug|x64.Build.0 = Debug|x64
		{B100814B-76FC-469C-842C-3FDEFC4E7F73}.Debug|x86.ActiveCfg = Debug|x86
		{B100814B-76FC-469C-842C-3FDEFC4E7F73}.Debug|x86.Build.0 = Debug|x86
		{B100814B-76FC-469C-842C-3FDEFC4E7F73}.Release|Any CPU.ActiveCfg = Release|Any CPU
		{B100814B-76FC-469C-842C-3FDEFC4E7F73}.Release|Any CPU.Build.0 = Release|Any CPU
		{B100814B-76FC-469C-842C-3FDEFC4E7F73}.Release|x64.ActiveCfg = Release|x64
		{B100814B-76FC-469C-842C-3FDEFC4E7F73}.Release|x64.Build.0 = Release|x64
		{B100814B-76FC-469C-842C-3FDEFC4E7F73}.Release|x86.ActiveCfg = Release|x86
		{B100814B-76FC-469C-842C-3FDEFC4E7F73}.Release|x86.Build.0 = Release|x86
		{49E36112-CD65-4995-9AF6-0FE3EF1FD3AB}.Debug|Any CPU.ActiveCfg = Debug|Any CPU
		{49E36112-CD65-4995-9AF6-0FE3EF1FD3AB}.Debug|Any CPU.Build.0 = Debug|Any CPU
		{49E36112-CD65-4995-9AF6-0FE3EF1FD3AB}.Debug|x64.ActiveCfg = Debug|x64
		{49E36112-CD65-4995-9AF6-0FE3EF1FD3AB}.Debug|x64.Build.0 = Debug|x64
		{49E36112-CD65-4995-9AF6-0FE3EF1FD3AB}.Debug|x86.ActiveCfg = Debug|x86
		{49E36112-CD65-4995-9AF6-0FE3EF1FD3AB}.Debug|x86.Build.0 = Debug|x86
		{49E36112-CD65-4995-9AF6-0FE3EF1FD3AB}.Release|Any CPU.ActiveCfg = Release|Any CPU
		{49E36112-CD65-4995-9AF6-0FE3EF1FD3AB}.Release|Any CPU.Build.0 = Release|Any CPU
		{49E36112-CD65-4995-9AF6-0FE3EF1FD3AB}.Release|x64.ActiveCfg = Release|x64
		{49E36112-CD65-4995-9AF6-0FE3EF1FD3AB}.Release|x64.Build.0 = Release|x64
		{49E36112-CD65-4995-9AF6-0FE3EF1FD3AB}.Release|x86.ActiveCfg = Release|x86
		{49E36112-CD65-4995-9AF6-0FE3EF1FD3AB}.Release|x86.Build.0 = Release|x86
		{A082CC9F-A50B-4C53-8134-9099BD3EF095}.Debug|Any CPU.ActiveCfg = Debug|Any CPU
		{A082CC9F-A50B-4C53-8134-9099BD3EF095}.Debug|Any CPU.Build.0 = Debug|Any CPU
		{A082CC9F-A50B-4C53-8134-9099BD3EF095}.Debug|x64.ActiveCfg = Debug|x64
		{A082CC9F-A50B-4C53-8134-9099BD3EF095}.Debug|x64.Build.0 = Debug|x64
		{A082CC9F-A50B-4C53-8134-9099BD3EF095}.Debug|x86.ActiveCfg = Debug|x86
		{A082CC9F-A50B-4C53-8134-9099BD3EF095}.Debug|x86.Build.0 = Debug|x86
		{A082CC9F-A50B-4C53-8134-9099BD3EF095}.Release|Any CPU.ActiveCfg = Release|Any CPU
		{A082CC9F-A50B-4C53-8134-9099BD3EF095}.Release|Any CPU.Build.0 = Release|Any CPU
		{A082CC9F-A50B-4C53-8134-9099BD3EF095}.Release|x64.ActiveCfg = Release|x64
		{A082CC9F-A50B-4C53-8134-9099BD3EF095}.Release|x64.Build.0 = Release|x64
		{A082CC9F-A50B-4C53-8134-9099BD3EF095}.Release|x86.ActiveCfg = Release|x86
		{A082CC9F-A50B-4C53-8134-9099BD3EF095}.Release|x86.Build.0 = Release|x86
		{2017E22A-D698-4791-9652-9C00FB0202BE}.Debug|Any CPU.ActiveCfg = Debug|Any CPU
		{2017E22A-D698-4791-9652-9C00FB0202BE}.Debug|Any CPU.Build.0 = Debug|Any CPU
		{2017E22A-D698-4791-9652-9C00FB0202BE}.Debug|x64.ActiveCfg = Debug|x64
		{2017E22A-D698-4791-9652-9C00FB0202BE}.Debug|x64.Build.0 = Debug|x64
		{2017E22A-D698-4791-9652-9C00FB0202BE}.Debug|x86.ActiveCfg = Debug|x86
		{2017E22A-D698-4791-9652-9C00FB0202BE}.Debug|x86.Build.0 = Debug|x86
		{2017E22A-D698-4791-9652-9C00FB0202BE}.Release|Any CPU.ActiveCfg = Release|Any CPU
		{2017E22A-D698-4791-9652-9C00FB0202BE}.Release|Any CPU.Build.0 = Release|Any CPU
		{2017E22A-D698-4791-9652-9C00FB0202BE}.Release|x64.ActiveCfg = Release|x64
		{2017E22A-D698-4791-9652-9C00FB0202BE}.Release|x64.Build.0 = Release|x64
		{2017E22A-D698-4791-9652-9C00FB0202BE}.Release|x86.ActiveCfg = Release|x86
		{2017E22A-D698-4791-9652-9C00FB0202BE}.Release|x86.Build.0 = Release|x86
		{D9F9820C-AA78-4512-AE9C-D09009245C0A}.Debug|Any CPU.ActiveCfg = Debug|Any CPU
		{D9F9820C-AA78-4512-AE9C-D09009245C0A}.Debug|Any CPU.Build.0 = Debug|Any CPU
		{D9F9820C-AA78-4512-AE9C-D09009245C0A}.Debug|x64.ActiveCfg = Debug|x64
		{D9F9820C-AA78-4512-AE9C-D09009245C0A}.Debug|x64.Build.0 = Debug|x64
		{D9F9820C-AA78-4512-AE9C-D09009245C0A}.Debug|x86.ActiveCfg = Debug|x86
		{D9F9820C-AA78-4512-AE9C-D09009245C0A}.Debug|x86.Build.0 = Debug|x86
		{D9F9820C-AA78-4512-AE9C-D09009245C0A}.Release|Any CPU.ActiveCfg = Release|Any CPU
		{D9F9820C-AA78-4512-AE9C-D09009245C0A}.Release|Any CPU.Build.0 = Release|Any CPU
		{D9F9820C-AA78-4512-AE9C-D09009245C0A}.Release|x64.ActiveCfg = Release|x64
		{D9F9820C-AA78-4512-AE9C-D09009245C0A}.Release|x64.Build.0 = Release|x64
		{D9F9820C-AA78-4512-AE9C-D09009245C0A}.Release|x86.ActiveCfg = Release|x86
		{D9F9820C-AA78-4512-AE9C-D09009245C0A}.Release|x86.Build.0 = Release|x86
		{44807FB4-2783-405C-8EF7-CB7DAB2032E9}.Debug|Any CPU.ActiveCfg = Debug|Any CPU
		{44807FB4-2783-405C-8EF7-CB7DAB2032E9}.Debug|Any CPU.Build.0 = Debug|Any CPU
		{44807FB4-2783-405C-8EF7-CB7DAB2032E9}.Debug|x64.ActiveCfg = Debug|x64
		{44807FB4-2783-405C-8EF7-CB7DAB2032E9}.Debug|x64.Build.0 = Debug|x64
		{44807FB4-2783-405C-8EF7-CB7DAB2032E9}.Debug|x86.ActiveCfg = Debug|x86
		{44807FB4-2783-405C-8EF7-CB7DAB2032E9}.Debug|x86.Build.0 = Debug|x86
		{44807FB4-2783-405C-8EF7-CB7DAB2032E9}.Release|Any CPU.ActiveCfg = Release|Any CPU
		{44807FB4-2783-405C-8EF7-CB7DAB2032E9}.Release|Any CPU.Build.0 = Release|Any CPU
		{44807FB4-2783-405C-8EF7-CB7DAB2032E9}.Release|x64.ActiveCfg = Release|x64
		{44807FB4-2783-405C-8EF7-CB7DAB2032E9}.Release|x64.Build.0 = Release|x64
		{44807FB4-2783-405C-8EF7-CB7DAB2032E9}.Release|x86.ActiveCfg = Release|x86
		{44807FB4-2783-405C-8EF7-CB7DAB2032E9}.Release|x86.Build.0 = Release|x86
		{E54EF0F5-3238-4ABC-97E7-706AF3D57974}.Debug|Any CPU.ActiveCfg = Debug|Any CPU
		{E54EF0F5-3238-4ABC-97E7-706AF3D57974}.Debug|Any CPU.Build.0 = Debug|Any CPU
		{E54EF0F5-3238-4ABC-97E7-706AF3D57974}.Debug|x64.ActiveCfg = Debug|x64
		{E54EF0F5-3238-4ABC-97E7-706AF3D57974}.Debug|x64.Build.0 = Debug|x64
		{E54EF0F5-3238-4ABC-97E7-706AF3D57974}.Debug|x86.ActiveCfg = Debug|x86
		{E54EF0F5-3238-4ABC-97E7-706AF3D57974}.Debug|x86.Build.0 = Debug|x86
		{E54EF0F5-3238-4ABC-97E7-706AF3D57974}.Release|Any CPU.ActiveCfg = Release|Any CPU
		{E54EF0F5-3238-4ABC-97E7-706AF3D57974}.Release|Any CPU.Build.0 = Release|Any CPU
		{E54EF0F5-3238-4ABC-97E7-706AF3D57974}.Release|x64.ActiveCfg = Release|x64
		{E54EF0F5-3238-4ABC-97E7-706AF3D57974}.Release|x64.Build.0 = Release|x64
		{E54EF0F5-3238-4ABC-97E7-706AF3D57974}.Release|x86.ActiveCfg = Release|x86
		{E54EF0F5-3238-4ABC-97E7-706AF3D57974}.Release|x86.Build.0 = Release|x86
		{1F1DA379-B467-428E-A779-F1874B32ADCA}.Debug|Any CPU.ActiveCfg = Debug|Any CPU
		{1F1DA379-B467-428E-A779-F1874B32ADCA}.Debug|Any CPU.Build.0 = Debug|Any CPU
		{1F1DA379-B467-428E-A779-F1874B32ADCA}.Debug|x64.ActiveCfg = Debug|x64
		{1F1DA379-B467-428E-A779-F1874B32ADCA}.Debug|x64.Build.0 = Debug|x64
		{1F1DA379-B467-428E-A779-F1874B32ADCA}.Debug|x86.ActiveCfg = Debug|x86
		{1F1DA379-B467-428E-A779-F1874B32ADCA}.Debug|x86.Build.0 = Debug|x86
		{1F1DA379-B467-428E-A779-F1874B32ADCA}.Release|Any CPU.ActiveCfg = Release|Any CPU
		{1F1DA379-B467-428E-A779-F1874B32ADCA}.Release|Any CPU.Build.0 = Release|Any CPU
		{1F1DA379-B467-428E-A779-F1874B32ADCA}.Release|x64.ActiveCfg = Release|x64
		{1F1DA379-B467-428E-A779-F1874B32ADCA}.Release|x64.Build.0 = Release|x64
		{1F1DA379-B467-428E-A779-F1874B32ADCA}.Release|x86.ActiveCfg = Release|x86
		{1F1DA379-B467-428E-A779-F1874B32ADCA}.Release|x86.Build.0 = Release|x86
		{92D6C96A-6709-4587-B051-8ED67D066161}.Debug|Any CPU.ActiveCfg = Debug|Any CPU
		{92D6C96A-6709-4587-B051-8ED67D066161}.Debug|Any CPU.Build.0 = Debug|Any CPU
		{92D6C96A-6709-4587-B051-8ED67D066161}.Debug|x64.ActiveCfg = Debug|Any CPU
		{92D6C96A-6709-4587-B051-8ED67D066161}.Debug|x64.Build.0 = Debug|Any CPU
		{92D6C96A-6709-4587-B051-8ED67D066161}.Debug|x86.ActiveCfg = Debug|Any CPU
		{92D6C96A-6709-4587-B051-8ED67D066161}.Debug|x86.Build.0 = Debug|Any CPU
		{92D6C96A-6709-4587-B051-8ED67D066161}.Release|Any CPU.ActiveCfg = Release|Any CPU
		{92D6C96A-6709-4587-B051-8ED67D066161}.Release|Any CPU.Build.0 = Release|Any CPU
		{92D6C96A-6709-4587-B051-8ED67D066161}.Release|x64.ActiveCfg = Release|Any CPU
		{92D6C96A-6709-4587-B051-8ED67D066161}.Release|x64.Build.0 = Release|Any CPU
		{92D6C96A-6709-4587-B051-8ED67D066161}.Release|x86.ActiveCfg = Release|Any CPU
		{92D6C96A-6709-4587-B051-8ED67D066161}.Release|x86.Build.0 = Release|Any CPU
	EndGlobalSection
	GlobalSection(SolutionProperties) = preSolution
		HideSolutionNode = FALSE
	EndGlobalSection
	GlobalSection(ExtensibilityGlobals) = postSolution
		SolutionGuid = {2EB9AC6A-9C50-4A03-9F62-EA4CFDF2935A}
	EndGlobalSection
EndGlobal
